
Microsoft Visual Studio Solution File, Format Version 12.00
# Visual Studio 15
VisualStudioVersion = 15.0.28307.645
MinimumVisualStudioVersion = 10.0.40219.1
Project("{F184B08F-C81C-45F6-A57F-5ABD9991F28F}") = "VBTutorial", "VBTutorial.vbproj", "{340820CD-8AED-4850-A0A2-33DA9E87E8CB}"
EndProject
Global
	GlobalSection(SolutionConfigurationPlatforms) = preSolution
		Debug|Any CPU = Debug|Any CPU
		Release|Any CPU = Release|Any CPU
	EndGlobalSection
	GlobalSection(ProjectConfigurationPlatforms) = postSolution
		{340820CD-8AED-4850-A0A2-33DA9E87E8CB}.Debug|Any CPU.ActiveCfg = Debug|Any CPU
		{340820CD-8AED-4850-A0A2-33DA9E87E8CB}.Debug|Any CPU.Build.0 = Debug|Any CPU
		{340820CD-8AED-4850-A0A2-33DA9E87E8CB}.Release|Any CPU.ActiveCfg = Release|Any CPU
		{340820CD-8AED-4850-A0A2-33DA9E87E8CB}.Release|Any CPU.Build.0 = Release|Any CPU
	EndGlobalSection
	GlobalSection(SolutionProperties) = preSolution
		HideSolutionNode = FALSE
	EndGlobalSection
	GlobalSection(ExtensibilityGlobals) = postSolution
		SolutionGuid = {1072AB6B-290D-4DCA-84F9-B94BA4FD46FE}
	EndGlobalSection
EndGlobal
